{
  "name": "beeson-multiformats",
  "version": "1.0.0",
  "lockfileVersion": 2,
  "requires": true,
  "packages": {
    "": {
      "name": "beeson-multiformats",
      "version": "1.0.0",
      "license": "ISC",
      "dependencies": {
        "@ethersphere/swarm-cid": "^0.1.0",
        "@fairdatasociety/beeson": "^0.1.1",
        "multiformats": "^9.7.1"
      }
    },
    "node_modules/@ethersphere/swarm-cid": {
      "version": "0.1.0",
      "resolved": "https://registry.npmjs.org/@ethersphere/swarm-cid/-/swarm-cid-0.1.0.tgz",
      "integrity": "sha512-n+n+w5RJBPm7CiPf8TIgNFIRMo4bLh5bYpZxHObgCaxFW8WNZ4UGfqg+qjS/jEr+A3Mmp0lugKDvd8GnfFy7JQ==",
      "dependencies": {
        "multiformats": "^9.5.4"
      },
      "engines": {
        "node": ">=12.0.0",
        "npm": ">=6.0.0"
      }
    },
    "node_modules/@fairdatasociety/beeson": {
      "version": "0.1.1",
      "resolved": "https://registry.npmjs.org/@fairdatasociety/beeson/-/beeson-0.1.1.tgz",
      "integrity": "sha512-YoVJEQeU6CBEUwtjOUl2bAsB4CONpFDLFyi1teCyzOC+wNUuUo4MkepBn9o4JV2ZgkxxI5/QDb7XShUeN/LaNQ==",
      "dependencies": {
        "@ethersphere/swarm-cid": "^0.1.0",
        "@fairdatasociety/bmt-js": "^2.0.1",
        "js-sha3": "^0.8.0"
      }
    },
    "node_modules/@fairdatasociety/bmt-js": {
      "version": "2.0.1",
      "resolved": "https://registry.npmjs.org/@fairdatasociety/bmt-js/-/bmt-js-2.0.1.tgz",
      "integrity": "sha512-GyUy+BgJH8cbxbTWcKXDsvBJRNXjFdek9q+4HiMgMP5Fz/1fFxYn9xRdz8tu+evzAVNT57o8BeOVD3zPUoLMfw=="
    },
    "node_modules/js-sha3": {
      "version": "0.8.0",
      "resolved": "https://registry.npmjs.org/js-sha3/-/js-sha3-0.8.0.tgz",
      "integrity": "sha512-gF1cRrHhIzNfToc802P800N8PpXS+evLLXfsVpowqmAFR9uwbi89WvXg2QspOmXL8QL86J4T1EpFu+yUkwJY3Q=="
    },
    "node_modules/multiformats": {
      "version": "9.7.1",
      "resolved": "https://registry.npmjs.org/multiformats/-/multiformats-9.7.1.tgz",
      "integrity": "sha512-TaVmGEBt0fhxiNJMGphBfB+oGvUxFs8KgGvgl8d3C+GWtrFcvXdJ2196eg+dYhmSFClmgFfSfJEklo+SZzdNuw=="
    }
  },
  "dependencies": {
    "@ethersphere/swarm-cid": {
      "version": "0.1.0",
      "resolved": "https://registry.npmjs.org/@ethersphere/swarm-cid/-/swarm-cid-0.1.0.tgz",
      "integrity": "sha512-n+n+w5RJBPm7CiPf8TIgNFIRMo4bLh5bYpZxHObgCaxFW8WNZ4UGfqg+qjS/jEr+A3Mmp0lugKDvd8GnfFy7JQ==",
      "requires": {
        "multiformats": "^9.5.4"
      }
    },
    "@fairdatasociety/beeson": {
      "version": "0.1.1",
      "resolved": "https://registry.npmjs.org/@fairdatasociety/beeson/-/beeson-0.1.1.tgz",
      "integrity": "sha512-YoVJEQeU6CBEUwtjOUl2bAsB4CONpFDLFyi1teCyzOC+wNUuUo4MkepBn9o4JV2ZgkxxI5/QDb7XShUeN/LaNQ==",
      "requires": {
        "@ethersphere/swarm-cid": "^0.1.0",
        "@fairdatasociety/bmt-js": "^2.0.1",
        "js-sha3": "^0.8.0"
      }
    },
    "@fairdatasociety/bmt-js": {
      "version": "2.0.1",
      "resolved": "https://registry.npmjs.org/@fairdatasociety/bmt-js/-/bmt-js-2.0.1.tgz",
      "integrity": "sha512-GyUy+BgJH8cbxbTWcKXDsvBJRNXjFdek9q+4HiMgMP5Fz/1fFxYn9xRdz8tu+evzAVNT57o8BeOVD3zPUoLMfw=="
    },
    "js-sha3": {
      "version": "0.8.0",
      "resolved": "https://registry.npmjs.org/js-sha3/-/js-sha3-0.8.0.tgz",
      "integrity": "sha512-gF1cRrHhIzNfToc802P800N8PpXS+evLLXfsVpowqmAFR9uwbi89WvXg2QspOmXL8QL86J4T1EpFu+yUkwJY3Q=="
    },
    "multiformats": {
      "version": "9.7.1",
      "resolved": "https://registry.npmjs.org/multiformats/-/multiformats-9.7.1.tgz",
      "integrity": "sha512-TaVmGEBt0fhxiNJMGphBfB+oGvUxFs8KgGvgl8d3C+GWtrFcvXdJ2196eg+dYhmSFClmgFfSfJEklo+SZzdNuw=="
    }
  }
}
